
Microsoft Visual Studio Solution File, Format Version 12.00
# Visual Studio Version 16
VisualStudioVersion = 16.0.30114.105
MinimumVisualStudioVersion = 10.0.40219.1
Project("{9A19103F-16F7-4668-BE54-9A1E7A4F7556}") = "WpfApp1", "WpfApp1\WpfApp1.csproj", "{4A516086-63AD-4CD6-B579-1CA74384E906}"
EndProject
Global
	GlobalSection(SolutionConfigurationPlatforms) = preSolution
		Debug|Any CPU = Debug|Any CPU
		Release|Any CPU = Release|Any CPU
	EndGlobalSection
	GlobalSection(ProjectConfigurationPlatforms) = postSolution
		{4A516086-63AD-4CD6-B579-1CA74384E906}.Debug|Any CPU.ActiveCfg = Debug|Any CPU
		{4A516086-63AD-4CD6-B579-1CA74384E906}.Debug|Any CPU.Build.0 = Debug|Any CPU
		{4A516086-63AD-4CD6-B579-1CA74384E906}.Release|Any CPU.ActiveCfg = Release|Any CPU
		{4A516086-63AD-4CD6-B579-1CA74384E906}.Release|Any CPU.Build.0 = Release|Any CPU
	EndGlobalSection
	GlobalSection(SolutionProperties) = preSolution
		HideSolutionNode = FALSE
	EndGlobalSection
	GlobalSection(ExtensibilityGlobals) = postSolution
		SolutionGuid = {B5DA99F9-482D-46BD-9A8A-2FD3B5F3D98B}
	EndGlobalSection
EndGlobal
